
Microsoft Visual Studio Solution File, Format Version 12.00
# Visual Studio Version 16
VisualStudioVersion = 16.0.31105.61
MinimumVisualStudioVersion = 10.0.40219.1
Project("{FAE04EC0-301F-11D3-BF4B-00C04F79EFBC}") = "Algoritmo Dijkstra", "Algoritmo Dijkstra\Algoritmo Dijkstra.csproj", "{8A27DE8A-4389-427F-976F-F9F14227AEC6}"
EndProject
Global
	GlobalSection(SolutionConfigurationPlatforms) = preSolution
		Debug|Any CPU = Debug|Any CPU
		Release|Any CPU = Release|Any CPU
	EndGlobalSection
	GlobalSection(ProjectConfigurationPlatforms) = postSolution
		{8A27DE8A-4389-427F-976F-F9F14227AEC6}.Debug|Any CPU.ActiveCfg = Debug|Any CPU
		{8A27DE8A-4389-427F-976F-F9F14227AEC6}.Debug|Any CPU.Build.0 = Debug|Any CPU
		{8A27DE8A-4389-427F-976F-F9F14227AEC6}.Release|Any CPU.ActiveCfg = Release|Any CPU
		{8A27DE8A-4389-427F-976F-F9F14227AEC6}.Release|Any CPU.Build.0 = Release|Any CPU
	EndGlobalSection
	GlobalSection(SolutionProperties) = preSolution
		HideSolutionNode = FALSE
	EndGlobalSection
	GlobalSection(ExtensibilityGlobals) = postSolution
		SolutionGuid = {7E3FCEE8-B1CE-495B-B89A-62425AB45C04}
	EndGlobalSection
EndGlobal
